
Microsoft Visual Studio Solution File, Format Version 12.00
# Visual Studio Version 16
VisualStudioVersion = 16.0.30225.117
MinimumVisualStudioVersion = 10.0.40219.1
Project("{9A19103F-16F7-4668-BE54-9A1E7A4F7556}") = "JsonServices.Core", "JsonServices.Core\JsonServices.Core.csproj", "{1EFB6DC4-48AF-4BE7-84FF-98938793ECA2}"
EndProject
Project("{9A19103F-16F7-4668-BE54-9A1E7A4F7556}") = "JsonServices.Core.Tests", "JsonServices.Core.Tests\JsonServices.Core.Tests.csproj", "{190240BF-FAC8-4FA5-967B-5FBE189EAC0C}"
EndProject
Project("{9A19103F-16F7-4668-BE54-9A1E7A4F7556}") = "JsonServices.Transport.WebSocketSharp", "JsonServices.Transport.WebSocketSharp\JsonServices.Transport.WebSocketSharp.csproj", "{1110783F-BFAB-4541-AD38-7C3CE7F6C9EA}"
EndProject
Project("{9A19103F-16F7-4668-BE54-9A1E7A4F7556}") = "JsonServices.Transport.WebSocketSharp.Tests", "JsonServices.Transport.WebSocketSharp.Tests\JsonServices.Transport.WebSocketSharp.Tests.csproj", "{80764200-0C00-4DA5-8480-276064535CE0}"
EndProject
Project("{9A19103F-16F7-4668-BE54-9A1E7A4F7556}") = "JsonServices.Serialization.Newtonsoft", "JsonServices.Serialization.Newtonsoft\JsonServices.Serialization.Newtonsoft.csproj", "{D794D209-493C-4592-BC08-EB19537A9032}"
EndProject
Project("{9A19103F-16F7-4668-BE54-9A1E7A4F7556}") = "JsonServices.Serialization.ServiceStack", "JsonServices.Serialization.ServiceStack\JsonServices.Serialization.ServiceStack.csproj", "{B98958CF-992D-4AF0-8D0F-80295B91B6A2}"
EndProject
Project("{9A19103F-16F7-4668-BE54-9A1E7A4F7556}") = "JsonServices.Serialization.Tests", "JsonServices.Serialization.Tests\JsonServices.Serialization.Tests.csproj", "{973654EC-A0CE-4A32-A024-FCC3FA917B32}"
EndProject
Project("{9A19103F-16F7-4668-BE54-9A1E7A4F7556}") = "JsonServices.Transport.Fleck", "JsonServices.Transport.Fleck\JsonServices.Transport.Fleck.csproj", "{3BE7EC89-2AC4-4C08-871B-2279222ED0AA}"
EndProject
Project("{9A19103F-16F7-4668-BE54-9A1E7A4F7556}") = "JsonServices.Transport.Fleck.Tests", "JsonServices.Transport.Fleck.Tests\JsonServices.Transport.Fleck.Tests.csproj", "{3AFF2E5D-ACDA-4C60-9860-31290A4598A6}"
EndProject
Project("{9A19103F-16F7-4668-BE54-9A1E7A4F7556}") = "JsonServices.Transport.NetMQ", "JsonServices.Transport.NetMQ\JsonServices.Transport.NetMQ.csproj", "{5732A8B8-E573-4047-8AEF-3852E19A0B10}"
EndProject
Project("{9A19103F-16F7-4668-BE54-9A1E7A4F7556}") = "JsonServices.Transport.NetMQ.Tests", "JsonServices.Transport.NetMQ.Tests\JsonServices.Transport.NetMQ.Tests.csproj", "{8B67C62A-CE01-48D2-9312-05AD04E961E5}"
EndProject
Project("{9A19103F-16F7-4668-BE54-9A1E7A4F7556}") = "JsonServices.Sample.Server", "..\sample\sample-server\JsonServices.Sample.Server.csproj", "{2666B089-E237-46AF-9708-0503CD9F3EDD}"
EndProject
Project("{9A19103F-16F7-4668-BE54-9A1E7A4F7556}") = "JsonServices.Serialization.ServiceStack4", "JsonServices.Serialization.ServiceStack4\JsonServices.Serialization.ServiceStack4.csproj", "{C3CFFEB1-B2A9-4B3B-B9C0-10F4A9A96007}"
EndProject
Project("{9A19103F-16F7-4668-BE54-9A1E7A4F7556}") = "JsonServices.Auth.SecureRemotePassword", "JsonServices.Auth.SecureRemotePassword\JsonServices.Auth.SecureRemotePassword.csproj", "{9ABE209A-94E1-4D21-BC66-BB64CE65ACCE}"
EndProject
Project("{9A19103F-16F7-4668-BE54-9A1E7A4F7556}") = "JsonServices.Auth.SecureRemotePassword.Tests", "JsonServices.Auth.SecureRemotePassword.Tests\JsonServices.Auth.SecureRemotePassword.Tests.csproj", "{8D5E6594-6C79-452B-89E0-87DA720B6B84}"
EndProject
Project("{9A19103F-16F7-4668-BE54-9A1E7A4F7556}") = "JsonServices.Sample.CoreServer", "..\sample\sample-core-server\JsonServices.Sample.CoreServer.csproj", "{CA33030D-A387-49CD-9329-042F7B464067}"
EndProject
Project("{9A19103F-16F7-4668-BE54-9A1E7A4F7556}") = "JsonServices.Serialization.SystemTextJson", "JsonServices.Serialization.SystemTextJson\JsonServices.Serialization.SystemTextJson.csproj", "{EE4F39FE-8EFB-4A98-9EFE-953007F4CB74}"
EndProject
Global
	GlobalSection(SolutionConfigurationPlatforms) = preSolution
		Debug|Any CPU = Debug|Any CPU
		Release|Any CPU = Release|Any CPU
	EndGlobalSection
	GlobalSection(ProjectConfigurationPlatforms) = postSolution
		{1EFB6DC4-48AF-4BE7-84FF-98938793ECA2}.Debug|Any CPU.ActiveCfg = Debug|Any CPU
		{1EFB6DC4-48AF-4BE7-84FF-98938793ECA2}.Debug|Any CPU.Build.0 = Debug|Any CPU
		{1EFB6DC4-48AF-4BE7-84FF-98938793ECA2}.Release|Any CPU.ActiveCfg = Release|Any CPU
		{1EFB6DC4-48AF-4BE7-84FF-98938793ECA2}.Release|Any CPU.Build.0 = Release|Any CPU
		{190240BF-FAC8-4FA5-967B-5FBE189EAC0C}.Debug|Any CPU.ActiveCfg = Debug|Any CPU
		{190240BF-FAC8-4FA5-967B-5FBE189EAC0C}.Debug|Any CPU.Build.0 = Debug|Any CPU
		{190240BF-FAC8-4FA5-967B-5FBE189EAC0C}.Release|Any CPU.ActiveCfg = Release|Any CPU
		{190240BF-FAC8-4FA5-967B-5FBE189EAC0C}.Release|Any CPU.Build.0 = Release|Any CPU
		{1110783F-BFAB-4541-AD38-7C3CE7F6C9EA}.Debug|Any CPU.ActiveCfg = Debug|Any CPU
		{1110783F-BFAB-4541-AD38-7C3CE7F6C9EA}.Debug|Any CPU.Build.0 = Debug|Any CPU
		{1110783F-BFAB-4541-AD38-7C3CE7F6C9EA}.Release|Any CPU.ActiveCfg = Release|Any CPU
		{1110783F-BFAB-4541-AD38-7C3CE7F6C9EA}.Release|Any CPU.Build.0 = Release|Any CPU
		{80764200-0C00-4DA5-8480-276064535CE0}.Debug|Any CPU.ActiveCfg = Debug|Any CPU
		{80764200-0C00-4DA5-8480-276064535CE0}.Debug|Any CPU.Build.0 = Debug|Any CPU
		{80764200-0C00-4DA5-8480-276064535CE0}.Release|Any CPU.ActiveCfg = Release|Any CPU
		{80764200-0C00-4DA5-8480-276064535CE0}.Release|Any CPU.Build.0 = Release|Any CPU
		{D794D209-493C-4592-BC08-EB19537A9032}.Debug|Any CPU.ActiveCfg = Debug|Any CPU
		{D794D209-493C-4592-BC08-EB19537A9032}.Debug|Any CPU.Build.0 = Debug|Any CPU
		{D794D209-493C-4592-BC08-EB19537A9032}.Release|Any CPU.ActiveCfg = Release|Any CPU
		{D794D209-493C-4592-BC08-EB19537A9032}.Release|Any CPU.Build.0 = Release|Any CPU
		{B98958CF-992D-4AF0-8D0F-80295B91B6A2}.Debug|Any CPU.ActiveCfg = Debug|Any CPU
		{B98958CF-992D-4AF0-8D0F-80295B91B6A2}.Debug|Any CPU.Build.0 = Debug|Any CPU
		{B98958CF-992D-4AF0-8D0F-80295B91B6A2}.Release|Any CPU.ActiveCfg = Release|Any CPU
		{B98958CF-992D-4AF0-8D0F-80295B91B6A2}.Release|Any CPU.Build.0 = Release|Any CPU
		{973654EC-A0CE-4A32-A024-FCC3FA917B32}.Debug|Any CPU.ActiveCfg = Debug|Any CPU
		{973654EC-A0CE-4A32-A024-FCC3FA917B32}.Debug|Any CPU.Build.0 = Debug|Any CPU
		{973654EC-A0CE-4A32-A024-FCC3FA917B32}.Release|Any CPU.ActiveCfg = Release|Any CPU
		{973654EC-A0CE-4A32-A024-FCC3FA917B32}.Release|Any CPU.Build.0 = Release|Any CPU
		{3BE7EC89-2AC4-4C08-871B-2279222ED0AA}.Debug|Any CPU.ActiveCfg = Debug|Any CPU
		{3BE7EC89-2AC4-4C08-871B-2279222ED0AA}.Debug|Any CPU.Build.0 = Debug|Any CPU
		{3BE7EC89-2AC4-4C08-871B-2279222ED0AA}.Release|Any CPU.ActiveCfg = Release|Any CPU
		{3BE7EC89-2AC4-4C08-871B-2279222ED0AA}.Release|Any CPU.Build.0 = Release|Any CPU
		{3AFF2E5D-ACDA-4C60-9860-31290A4598A6}.Debug|Any CPU.ActiveCfg = Debug|Any CPU
		{3AFF2E5D-ACDA-4C60-9860-31290A4598A6}.Debug|Any CPU.Build.0 = Debug|Any CPU
		{3AFF2E5D-ACDA-4C60-9860-31290A4598A6}.Release|Any CPU.ActiveCfg = Release|Any CPU
		{3AFF2E5D-ACDA-4C60-9860-31290A4598A6}.Release|Any CPU.Build.0 = Release|Any CPU
		{5732A8B8-E573-4047-8AEF-3852E19A0B10}.Debug|Any CPU.ActiveCfg = Debug|Any CPU
		{5732A8B8-E573-4047-8AEF-3852E19A0B10}.Debug|Any CPU.Build.0 = Debug|Any CPU
		{5732A8B8-E573-4047-8AEF-3852E19A0B10}.Release|Any CPU.ActiveCfg = Release|Any CPU
		{5732A8B8-E573-4047-8AEF-3852E19A0B10}.Release|Any CPU.Build.0 = Release|Any CPU
		{8B67C62A-CE01-48D2-9312-05AD04E961E5}.Debug|Any CPU.ActiveCfg = Debug|Any CPU
		{8B67C62A-CE01-48D2-9312-05AD04E961E5}.Debug|Any CPU.Build.0 = Debug|Any CPU
		{8B67C62A-CE01-48D2-9312-05AD04E961E5}.Release|Any CPU.ActiveCfg = Release|Any CPU
		{8B67C62A-CE01-48D2-9312-05AD04E961E5}.Release|Any CPU.Build.0 = Release|Any CPU
		{2666B089-E237-46AF-9708-0503CD9F3EDD}.Debug|Any CPU.ActiveCfg = Debug|Any CPU
		{2666B089-E237-46AF-9708-0503CD9F3EDD}.Debug|Any CPU.Build.0 = Debug|Any CPU
		{2666B089-E237-46AF-9708-0503CD9F3EDD}.Release|Any CPU.ActiveCfg = Release|Any CPU
		{2666B089-E237-46AF-9708-0503CD9F3EDD}.Release|Any CPU.Build.0 = Release|Any CPU
		{C3CFFEB1-B2A9-4B3B-B9C0-10F4A9A96007}.Debug|Any CPU.ActiveCfg = Debug|Any CPU
		{C3CFFEB1-B2A9-4B3B-B9C0-10F4A9A96007}.Debug|Any CPU.Build.0 = Debug|Any CPU
		{C3CFFEB1-B2A9-4B3B-B9C0-10F4A9A96007}.Release|Any CPU.ActiveCfg = Release|Any CPU
		{C3CFFEB1-B2A9-4B3B-B9C0-10F4A9A96007}.Release|Any CPU.Build.0 = Release|Any CPU
		{9ABE209A-94E1-4D21-BC66-BB64CE65ACCE}.Debug|Any CPU.ActiveCfg = Debug|Any CPU
		{9ABE209A-94E1-4D21-BC66-BB64CE65ACCE}.Debug|Any CPU.Build.0 = Debug|Any CPU
		{9ABE209A-94E1-4D21-BC66-BB64CE65ACCE}.Release|Any CPU.ActiveCfg = Release|Any CPU
		{9ABE209A-94E1-4D21-BC66-BB64CE65ACCE}.Release|Any CPU.Build.0 = Release|Any CPU
		{8D5E6594-6C79-452B-89E0-87DA720B6B84}.Debug|Any CPU.ActiveCfg = Debug|Any CPU
		{8D5E6594-6C79-452B-89E0-87DA720B6B84}.Debug|Any CPU.Build.0 = Debug|Any CPU
		{8D5E6594-6C79-452B-89E0-87DA720B6B84}.Release|Any CPU.ActiveCfg = Release|Any CPU
		{8D5E6594-6C79-452B-89E0-87DA720B6B84}.Release|Any CPU.Build.0 = Release|Any CPU
		{CA33030D-A387-49CD-9329-042F7B464067}.Debug|Any CPU.ActiveCfg = Debug|Any CPU
		{CA33030D-A387-49CD-9329-042F7B464067}.Debug|Any CPU.Build.0 = Debug|Any CPU
		{CA33030D-A387-49CD-9329-042F7B464067}.Release|Any CPU.ActiveCfg = Release|Any CPU
		{CA33030D-A387-49CD-9329-042F7B464067}.Release|Any CPU.Build.0 = Release|Any CPU
		{EE4F39FE-8EFB-4A98-9EFE-953007F4CB74}.Debug|Any CPU.ActiveCfg = Debug|Any CPU
		{EE4F39FE-8EFB-4A98-9EFE-953007F4CB74}.Debug|Any CPU.Build.0 = Debug|Any CPU
		{EE4F39FE-8EFB-4A98-9EFE-953007F4CB74}.Release|Any CPU.ActiveCfg = Release|Any CPU
		{EE4F39FE-8EFB-4A98-9EFE-953007F4CB74}.Release|Any CPU.Build.0 = Release|Any CPU
	EndGlobalSection
	GlobalSection(SolutionProperties) = preSolution
		HideSolutionNode = FALSE
	EndGlobalSection
	GlobalSection(ExtensibilityGlobals) = postSolution
		SolutionGuid = {9D217CB0-6E1B-49B1-A207-BF5268CFB084}
	EndGlobalSection
EndGlobal
